// !$*UTF8*$!
{
	archiveVersion = 1;
	classes = {
	};
	objectVersion = 46;
	objects = {

/* Begin PBXBuildFile section */
		48BF6D471A58DEE0004AB482 /* main.m in Sources */ = {isa = PBXBuildFile; fileRef = 48BF6D461A58DEE0004AB482 /* main.m */; };
		48BF6D4A1A58DEE0004AB482 /* AppDelegate.m in Sources */ = {isa = PBXBuildFile; fileRef = 48BF6D491A58DEE0004AB482 /* AppDelegate.m */; };
		48BF6D4D1A58DEE0004AB482 /* ViewController.m in Sources */ = {isa = PBXBuildFile; fileRef = 48BF6D4C1A58DEE0004AB482 /* ViewController.m */; };
		48BF6D501A58DEE0004AB482 /* Main.storyboard in Resources */ = {isa = PBXBuildFile; fileRef = 48BF6D4E1A58DEE0004AB482 /* Main.storyboard */; };
		48BF6D521A58DEE0004AB482 /* Images.xcassets in Resources */ = {isa = PBXBuildFile; fileRef = 48BF6D511A58DEE0004AB482 /* Images.xcassets */; };
		48BF6D551A58DEE0004AB482 /* LaunchScreen.xib in Resources */ = {isa = PBXBuildFile; fileRef = 48BF6D531A58DEE0004AB482 /* LaunchScreen.xib */; };
		48BF6D611A58DEE0004AB482 /* PullMenuDemoTests.m in Sources */ = {isa = PBXBuildFile; fileRef = 48BF6D601A58DEE0004AB482 /* PullMenuDemoTests.m */; };
		48BF6D6D1A58DF33004AB482 /* PullMenu.m in Sources */ = {isa = PBXBuildFile; fileRef = 48BF6D6C1A58DF33004AB482 /* PullMenu.m */; };
		48BF6D6F1A58E242004AB482 /* arrow@2x.png in Resources */ = {isa = PBXBuildFile; fileRef = 48BF6D6E1A58E242004AB482 /* arrow@2x.png */; };
/* End PBXBuildFile section */

/* Begin PBXContainerItemProxy section */
		48BF6D5B1A58DEE0004AB482 /* PBXContainerItemProxy */ = {
			isa = PBXContainerItemProxy;
			containerPortal = 48BF6D391A58DEE0004AB482 /* Project object */;
			proxyType = 1;
			remoteGlobalIDString = 48BF6D401A58DEE0004AB482;
			remoteInfo = PullMenuDemo;
		};
/* End PBXContainerItemProxy section */

/* Begin PBXFileReference section */
		48BF6D411A58DEE0004AB482 /* PullMenuDemo.app */ = {isa = PBXFileReference; explicitFileType = wrapper.application; includeInIndex = 0; path = PullMenuDemo.app; sourceTree = BUILT_PRODUCTS_DIR; };
		48BF6D451A58DEE0004AB482 /* Info.plist */ = {isa = PBXFileReference; lastKnownFileType = text.plist.xml; path = Info.plist; sourceTree = "<group>"; };
		48BF6D461A58DEE0004AB482 /* main.m */ = {isa = PBXFileReference; lastKnownFileType = sourcecode.c.objc; path = main.m; sourceTree = "<group>"; };
		48BF6D481A58DEE0004AB482 /* AppDelegate.h */ = {isa = PBXFileReference; lastKnownFileType = sourcecode.c.h; path = AppDelegate.h; sourceTree = "<group>"; };
		48BF6D491A58DEE0004AB482 /* AppDelegate.m */ = {isa = PBXFileReference; lastKnownFileType = sourcecode.c.objc; path = AppDelegate.m; sourceTree = "<group>"; };
		48BF6D4B1A58DEE0004AB482 /* ViewController.h */ = {isa = PBXFileReference; lastKnownFileType = sourcecode.c.h; path = ViewController.h; sourceTree = "<group>"; };
		48BF6D4C1A58DEE0004AB482 /* ViewController.m */ = {isa = PBXFileReference; lastKnownFileType = sourcecode.c.objc; path = ViewController.m; sourceTree = "<group>"; };
		48BF6D4F1A58DEE0004AB482 /* Base */ = {isa = PBXFileReference; lastKnownFileType = file.storyboard; name = Base; path = Base.lproj/Main.storyboard; sourceTree = "<group>"; };
		48BF6D511A58DEE0004AB482 /* Images.xcassets */ = {isa = PBXFileReference; lastKnownFileType = folder.assetcatalog; path = Images.xcassets; sourceTree = "<group>"; };
		48BF6D541A58DEE0004AB482 /* Base */ = {isa = PBXFileReference; lastKnownFileType = file.xib; name = Base; path = Base.lproj/LaunchScreen.xib; sourceTree = "<group>"; };
		48BF6D5A1A58DEE0004AB482 /* PullMenuDemoTests.xctest */ = {isa = PBXFileReference; explicitFileType = wrapper.cfbundle; includeInIndex = 0; path = PullMenuDemoTests.xctest; sourceTree = BUILT_PRODUCTS_DIR; };
		48BF6D5F1A58DEE0004AB482 /* Info.plist */ = {isa = PBXFileReference; lastKnownFileType = text.plist.xml; path = Info.plist; sourceTree = "<group>"; };
		48BF6D601A58DEE0004AB482 /* PullMenuDemoTests.m */ = {isa = PBXFileReference; lastKnownFileType = sourcecode.c.objc; path = PullMenuDemoTests.m; sourceTree = "<group>"; };
		48BF6D6B1A58DF33004AB482 /* PullMenu.h */ = {isa = PBXFileReference; fileEncoding = 4; lastKnownFileType = sourcecode.c.h; path = PullMenu.h; sourceTree = "<group>"; };
		48BF6D6C1A58DF33004AB482 /* PullMenu.m */ = {isa = PBXFileReference; fileEncoding = 4; lastKnownFileType = sourcecode.c.objc; path = PullMenu.m; sourceTree = "<group>"; };
		48BF6D6E1A58E242004AB482 /* arrow@2x.png */ = {isa = PBXFileReference; lastKnownFileType = image.png; path = "arrow@2x.png"; sourceTree = "<group>"; };
/* End PBXFileReference section */

/* Begin PBXFrameworksBuildPhase section */
		48BF6D3E1A58DEE0004AB482 /* Frameworks */ = {
			isa = PBXFrameworksBuildPhase;
			buildActionMask = 2147483647;
			files = (
			);
			runOnlyForDeploymentPostprocessing = 0;
		};
		48BF6D571A58DEE0004AB482 /* Frameworks */ = {
			isa = PBXFrameworksBuildPhase;
			buildActionMask = 2147483647;
			files = (
			);
			runOnlyForDeploymentPostprocessing = 0;
		};
/* End PBXFrameworksBuildPhase section */

/* Begin PBXGroup section */
		48BF6D381A58DEE0004AB482 = {
			isa = PBXGroup;
			children = (
				48BF6D6A1A58DF06004AB482 /* PullMenu */,
				48BF6D431A58DEE0004AB482 /* PullMenuDemo */,
				48BF6D5D1A58DEE0004AB482 /* PullMenuDemoTests */,
				48BF6D421A58DEE0004AB482 /* Products */,
			);
			sourceTree = "<group>";
		};
		48BF6D421A58DEE0004AB482 /* Products */ = {
			isa = PBXGroup;
			children = (
				48BF6D411A58DEE0004AB482 /* PullMenuDemo.app */,
				48BF6D5A1A58DEE0004AB482 /* PullMenuDemoTests.xctest */,
			);
			name = Products;
			sourceTree = "<group>";
		};
		48BF6D431A58DEE0004AB482 /* PullMenuDemo */ = {
			isa = PBXGroup;
			children = (
				48BF6D481A58DEE0004AB482 /* AppDelegate.h */,
				48BF6D491A58DEE0004AB482 /* AppDelegate.m */,
				48BF6D4B1A58DEE0004AB482 /* ViewController.h */,
				48BF6D4C1A58DEE0004AB482 /* ViewController.m */,
				48BF6D4E1A58DEE0004AB482 /* Main.storyboard */,
				48BF6D511A58DEE0004AB482 /* Images.xcassets */,
				48BF6D531A58DEE0004AB482 /* LaunchScreen.xib */,
				48BF6D441A58DEE0004AB482 /* Supporting Files */,
			);
			path = PullMenuDemo;
			sourceTree = "<group>";
		};
		48BF6D441A58DEE0004AB482 /* Supporting Files */ = {
			isa = PBXGroup;
			children = (
				48BF6D451A58DEE0004AB482 /* Info.plist */,
				48BF6D461A58DEE0004AB482 /* main.m */,
			);
			name = "Supporting Files";
			sourceTree = "<group>";
		};
		48BF6D5D1A58DEE0004AB482 /* PullMenuDemoTests */ = {
			isa = PBXGroup;
			children = (
				48BF6D601A58DEE0004AB482 /* PullMenuDemoTests.m */,
				48BF6D5E1A58DEE0004AB482 /* Supporting Files */,
			);
			path = PullMenuDemoTests;
			sourceTree = "<group>";
		};
		48BF6D5E1A58DEE0004AB482 /* Supporting Files */ = {
			isa = PBXGroup;
			children = (
				48BF6D5F1A58DEE0004AB482 /* Info.plist */,
			);
			name = "Supporting Files";
			sourceTree = "<group>";
		};
		48BF6D6A1A58DF06004AB482 /* PullMenu */ = {
			isa = PBXGroup;
			children = (
				48BF6D6E1A58E242004AB482 /* arrow@2x.png */,
				48BF6D6B1A58DF33004AB482 /* PullMenu.h */,
				48BF6D6C1A58DF33004AB482 /* PullMenu.m */,
			);
			path = PullMenu;
			sourceTree = "<group>";
		};
/* End PBXGroup section */

/* Begin PBXNativeTarget section */
		48BF6D401A58DEE0004AB482 /* PullMenuDemo */ = {
			isa = PBXNativeTarget;
			buildConfigurationList = 48BF6D641A58DEE0004AB482 /* Build configuration list for PBXNativeTarget "PullMenuDemo" */;
			buildPhases = (
				48BF6D3D1A58DEE0004AB482 /* Sources */,
				48BF6D3E1A58DEE0004AB482 /* Frameworks */,
				48BF6D3F1A58DEE0004AB482 /* Resources */,
			);
			buildRules = (
			);
			dependencies = (
			);
			name = PullMenuDemo;
			productName = PullMenuDemo;
			productReference = 48BF6D411A58DEE0004AB482 /* PullMenuDemo.app */;
			productType = "com.apple.product-type.application";
		};
		48BF6D591A58DEE0004AB482 /* PullMenuDemoTests */ = {
			isa = PBXNativeTarget;
			buildConfigurationList = 48BF6D671A58DEE0004AB482 /* Build configuration list for PBXNativeTarget "PullMenuDemoTests" */;
			buildPhases = (
				48BF6D561A58DEE0004AB482 /* Sources */,
				48BF6D571A58DEE0004AB482 /* Frameworks */,
				48BF6D581A58DEE0004AB482 /* Resources */,
			);
			buildRules = (
			);
			dependencies = (
				48BF6D5C1A58DEE0004AB482 /* PBXTargetDependency */,
			);
			name = PullMenuDemoTests;
			productName = PullMenuDemoTests;
			productReference = 48BF6D5A1A58DEE0004AB482 /* PullMenuDemoTests.xctest */;
			productType = "com.apple.product-type.bundle.unit-test";
		};
/* End PBXNativeTarget section */

/* Begin PBXProject section */
		48BF6D391A58DEE0004AB482 /* Project object */ = {
			isa = PBXProject;
			attributes = {
				LastUpgradeCheck = 0610;
				ORGANIZATIONNAME = linaicai;
				TargetAttributes = {
					48BF6D401A58DEE0004AB482 = {
						CreatedOnToolsVersion = 6.1.1;
					};
					48BF6D591A58DEE0004AB482 = {
						CreatedOnToolsVersion = 6.1.1;
						TestTargetID = 48BF6D401A58DEE0004AB482;
					};
				};
			};
			buildConfigurationList = 48BF6D3C1A58DEE0004AB482 /* Build configuration list for PBXProject "PullMenuDemo" */;
			compatibilityVersion = "Xcode 3.2";
			developmentRegion = English;
			hasScannedForEncodings = 0;
			knownRegions = (
				en,
				Base,
			);
			mainGroup = 48BF6D381A58DEE0004AB482;
			productRefGroup = 48BF6D421A58DEE0004AB482 /* Products */;
			projectDirPath = "";
			projectRoot = "";
			targets = (
				48BF6D401A58DEE0004AB482 /* PullMenuDemo */,
				48BF6D591A58DEE0004AB482 /* PullMenuDemoTests */,
			);
		};
/* End PBXProject section */

/* Begin PBXResourcesBuildPhase section */
		48BF6D3F1A58DEE0004AB482 /* Resources */ = {
			isa = PBXResourcesBuildPhase;
			buildActionMask = 2147483647;
			files = (
				48BF6D501A58DEE0004AB482 /* Main.storyboard in Resources */,
				48BF6D6F1A58E242004AB482 /* arrow@2x.png in Resources */,
				48BF6D551A58DEE0004AB482 /* LaunchScreen.xib in Resources */,
				48BF6D521A58DEE0004AB482 /* Images.xcassets in Resources */,
			);
			runOnlyForDeploymentPostprocessing = 0;
		};
		48BF6D581A58DEE0004AB482 /* Resources */ = {
			isa = PBXResourcesBuildPhase;
			buildActionMask = 2147483647;
			files = (
			);
			runOnlyForDeploymentPostprocessing = 0;
		};
/* End PBXResourcesBuildPhase section */

/* Begin PBXSourcesBuildPhase section */
		48BF6D3D1A58DEE0004AB482 /* Sources */ = {
			isa = PBXSourcesBuildPhase;
			buildActionMask = 2147483647;
			files = (
				48BF6D4D1A58DEE0004AB482 /* ViewController.m in Sources */,
				48BF6D4A1A58DEE0004AB482 /* AppDelegate.m in Sources */,
				48BF6D471A58DEE0004AB482 /* main.m in Sources */,
				48BF6D6D1A58DF33004AB482 /* PullMenu.m in Sources */,
			);
			runOnlyForDeploymentPostprocessing = 0;
		};
		48BF6D561A58DEE0004AB482 /* Sources */ = {
			isa = PBXSourcesBuildPhase;
			buildActionMask = 2147483647;
			files = (
				48BF6D611A58DEE0004AB482 /* PullMenuDemoTests.m in Sources */,
			);
			runOnlyForDeploymentPostprocessing = 0;
		};
/* End PBXSourcesBuildPhase section */

/* Begin PBXTargetDependency section */
		48BF6D5C1A58DEE0004AB482 /* PBXTargetDependency */ = {
			isa = PBXTargetDependency;
			target = 48BF6D401A58DEE0004AB482 /* PullMenuDemo */;
			targetProxy = 48BF6D5B1A58DEE0004AB482 /* PBXContainerItemProxy */;
		};
/* End PBXTargetDependency section */

/* Begin PBXVariantGroup section */
		48BF6D4E1A58DEE0004AB482 /* Main.storyboard */ = {
			isa = PBXVariantGroup;
			children = (
				48BF6D4F1A58DEE0004AB482 /* Base */,
			);
			name = Main.storyboard;
			sourceTree = "<group>";
		};
		48BF6D531A58DEE0004AB482 /* LaunchScreen.xib */ = {
			isa = PBXVariantGroup;
			children = (
				48BF6D541A58DEE0004AB482 /* Base */,
			);
			name = LaunchScreen.xib;
			sourceTree = "<group>";
		};
/* End PBXVariantGroup section */

/* Begin XCBuildConfiguration section */
		48BF6D621A58DEE0004AB482 /* Debug */ = {
			isa = XCBuildConfiguration;
			buildSettings = {
				ALWAYS_SEARCH_USER_PATHS = NO;
				CLANG_CXX_LANGUAGE_STANDARD = "gnu++0x";
				CLANG_CXX_LIBRARY = "libc++";
				CLANG_ENABLE_MODULES = YES;
				CLANG_ENABLE_OBJC_ARC = YES;
				CLANG_WARN_BOOL_CONVERSION = YES;
				CLANG_WARN_CONSTANT_CONVERSION = YES;
				CLANG_WARN_DIRECT_OBJC_ISA_USAGE = YES_ERROR;
				CLANG_WARN_EMPTY_BODY = YES;
				CLANG_WARN_ENUM_CONVERSION = YES;
				CLANG_WARN_INT_CONVERSION = YES;
				CLANG_WARN_OBJC_ROOT_CLASS = YES_ERROR;
				CLANG_WARN_UNREACHABLE_CODE = YES;
				CLANG_WARN__DUPLICATE_METHOD_MATCH = YES;
				"CODE_SIGN_IDENTITY[sdk=iphoneos*]" = "iPhone Developer";
				COPY_PHASE_STRIP = NO;
				ENABLE_STRICT_OBJC_MSGSEND = YES;
				GCC_C_LANGUAGE_STANDARD = gnu99;
				GCC_DYNAMIC_NO_PIC = NO;
				GCC_OPTIMIZATION_LEVEL = 0;
				GCC_PREPROCESSOR_DEFINITIONS = (
					"DEBUG=1",
					"$(inherited)",
				);
				GCC_SYMBOLS_PRIVATE_EXTERN = NO;
				GCC_WARN_64_TO_32_BIT_CONVERSION = YES;
				GCC_WARN_ABOUT_RETURN_TYPE = YES_ERROR;
				GCC_WARN_UNDECLARED_SELECTOR = YES;
				GCC_WARN_UNINITIALIZED_AUTOS = YES_AGGRESSIVE;
				GCC_WARN_UNUSED_FUNCTION = YES;
				GCC_WARN_UNUSED_VARIABLE = YES;
				IPHONEOS_DEPLOYMENT_TARGET = 8.1;
				MTL_ENABLE_DEBUG_INFO = YES;
				ONLY_ACTIVE_ARCH = YES;
				SDKROOT = iphoneos;
			};
			name = Debug;
		};
		48BF6D631A58DEE0004AB482 /* Release */ = {
			isa = XCBuildConfiguration;
			buildSettings = {
				ALWAYS_SEARCH_USER_PATHS = NO;
				CLANG_CXX_LANGUAGE_STANDARD = "gnu++0x";
				CLANG_CXX_LIBRARY = "libc++";
				CLANG_ENABLE_MODULES = YES;
				CLANG_ENABLE_OBJC_ARC = YES;
				CLANG_WARN_BOOL_CONVERSION = YES;
				CLANG_WARN_CONSTANT_CONVERSION = YES;
				CLANG_WARN_DIRECT_OBJC_ISA_USAGE = YES_ERROR;
				CLANG_WARN_EMPTY_BODY = YES;
				CLANG_WARN_ENUM_CONVERSION = YES;
				CLANG_WARN_INT_CONVERSION = YES;
				CLANG_WARN_OBJC_ROOT_CLASS = YES_ERROR;
				CLANG_WARN_UNREACHABLE_CODE = YES;
				CLANG_WARN__DUPLICATE_METHOD_MATCH = YES;
				"CODE_SIGN_IDENTITY[sdk=iphoneos*]" = "iPhone Developer";
				COPY_PHASE_STRIP = YES;
				ENABLE_NS_ASSERTIONS = NO;
				ENABLE_STRICT_OBJC_MSGSEND = YES;
				GCC_C_LANGUAGE_STANDARD = gnu99;
				GCC_WARN_64_TO_32_BIT_CONVERSION = YES;
				GCC_WARN_ABOUT_RETURN_TYPE = YES_ERROR;
				GCC_WARN_UNDECLARED_SELECTOR = YES;
				GCC_WARN_UNINITIALIZED_AUTOS = YES_AGGRESSIVE;
				GCC_WARN_UNUSED_FUNCTION = YES;
				GCC_WARN_UNUSED_VARIABLE = YES;
				IPHONEOS_DEPLOYMENT_TARGET = 8.1;
				MTL_ENABLE_DEBUG_INFO = NO;
				SDKROOT = iphoneos;
				VALIDATE_PRODUCT = YES;
			};
			name = Release;
		};
		48BF6D651A58DEE0004AB482 /* Debug */ = {
			isa = XCBuildConfiguration;
			buildSettings = {
				ASSETCATALOG_COMPILER_APPICON_NAME = AppIcon;
				INFOPLIST_FILE = PullMenuDemo/Info.plist;
				LD_RUNPATH_SEARCH_PATHS = "$(inherited) @executable_path/Frameworks";
				PRODUCT_NAME = "$(TARGET_NAME)";
			};
			name = Debug;
		};
		48BF6D661A58DEE0004AB482 /* Release */ = {
			isa = XCBuildConfiguration;
			buildSettings = {
				ASSETCATALOG_COMPILER_APPICON_NAME = AppIcon;
				INFOPLIST_FILE = PullMenuDemo/Info.plist;
				LD_RUNPATH_SEARCH_PATHS = "$(inherited) @executable_path/Frameworks";
				PRODUCT_NAME = "$(TARGET_NAME)";
			};
			name = Release;
		};
		48BF6D681A58DEE0004AB482 /* Debug */ = {
			isa = XCBuildConfiguration;
			buildSettings = {
				BUNDLE_LOADER = "$(TEST_HOST)";
				FRAMEWORK_SEARCH_PATHS = (
					"$(SDKROOT)/Developer/Library/Frameworks",
					"$(inherited)",
				);
				GCC_PREPROCESSOR_DEFINITIONS = (
					"DEBUG=1",
					"$(inherited)",
				);
				INFOPLIST_FILE = PullMenuDemoTests/Info.plist;
				LD_RUNPATH_SEARCH_PATHS = "$(inherited) @executable_path/Frameworks @loader_path/Frameworks";
				PRODUCT_NAME = "$(TARGET_NAME)";
				TEST_HOST = "$(BUILT_PRODUCTS_DIR)/PullMenuDemo.app/PullMenuDemo";
			};
			name = Debug;
		};
		48BF6D691A58DEE0004AB482 /* Release */ = {
			isa = XCBuildConfiguration;
			buildSettings = {
				BUNDLE_LOADER = "$(TEST_HOST)";
				FRAMEWORK_SEARCH_PATHS = (
					"$(SDKROOT)/Developer/Library/Frameworks",
					"$(inherited)",
				);
				INFOPLIST_FILE = PullMenuDemoTests/Info.plist;
				LD_RUNPATH_SEARCH_PATHS = "$(inherited) @executable_path/Frameworks @loader_path/Frameworks";
				PRODUCT_NAME = "$(TARGET_NAME)";
				TEST_HOST = "$(BUILT_PRODUCTS_DIR)/PullMenuDemo.app/PullMenuDemo";
			};
			name = Release;
		};
/* End XCBuildConfiguration section */

/* Begin XCConfigurationList section */
		48BF6D3C1A58DEE0004AB482 /* Build configuration list for PBXProject "PullMenuDemo" */ = {
			isa = XCConfigurationList;
			buildConfigurations = (
				48BF6D621A58DEE0004AB482 /* Debug */,
				48BF6D631A58DEE0004AB482 /* Release */,
			);
			defaultConfigurationIsVisible = 0;
			defaultConfigurationName = Release;
		};
		48BF6D641A58DEE0004AB482 /* Build configuration list for PBXNativeTarget "PullMenuDemo" */ = {
			isa = XCConfigurationList;
			buildConfigurations = (
				48BF6D651A58DEE0004AB482 /* Debug */,
				48BF6D661A58DEE0004AB482 /* Release */,
			);
			defaultConfigurationIsVisible = 0;
		};
		48BF6D671A58DEE0004AB482 /* Build configuration list for PBXNativeTarget "PullMenuDemoTests" */ = {
			isa = XCConfigurationList;
			buildConfigurations = (
				48BF6D681A58DEE0004AB482 /* Debug */,
				48BF6D691A58DEE0004AB482 /* Release */,
			);
			defaultConfigurationIsVisible = 0;
		};
/* End XCConfigurationList section */
	};
	rootObject = 48BF6D391A58DEE0004AB482 /* Project object */;
}
